
Microsoft Visual Studio Solution File, Format Version 12.00
# Visual Studio Version 16
VisualStudioVersion = 16.0.30503.244
MinimumVisualStudioVersion = 10.0.40219.1
Project("{8BC9CEB8-8B4A-11D0-8D11-00A0C91BC942}") = "Test_Search", "Test_Search\Test_Search.vcxproj", "{50803E3C-02D6-4C77-8228-B13562739F1F}"
EndProject
Global
	GlobalSection(SolutionConfigurationPlatforms) = preSolution
		Debug|x64 = Debug|x64
		Debug|x86 = Debug|x86
		Release|x64 = Release|x64
		Release|x86 = Release|x86
	EndGlobalSection
	GlobalSection(ProjectConfigurationPlatforms) = postSolution
		{50803E3C-02D6-4C77-8228-B13562739F1F}.Debug|x64.ActiveCfg = Debug|x64
		{50803E3C-02D6-4C77-8228-B13562739F1F}.Debug|x64.Build.0 = Debug|x64
		{50803E3C-02D6-4C77-8228-B13562739F1F}.Debug|x86.ActiveCfg = Debug|Win32
		{50803E3C-02D6-4C77-8228-B13562739F1F}.Debug|x86.Build.0 = Debug|Win32
		{50803E3C-02D6-4C77-8228-B13562739F1F}.Release|x64.ActiveCfg = Release|x64
		{50803E3C-02D6-4C77-8228-B13562739F1F}.Release|x64.Build.0 = Release|x64
		{50803E3C-02D6-4C77-8228-B13562739F1F}.Release|x86.ActiveCfg = Release|Win32
		{50803E3C-02D6-4C77-8228-B13562739F1F}.Release|x86.Build.0 = Release|Win32
	EndGlobalSection
	GlobalSection(SolutionProperties) = preSolution
		HideSolutionNode = FALSE
	EndGlobalSection
	GlobalSection(ExtensibilityGlobals) = postSolution
		SolutionGuid = {AB6EBDE2-BBD2-43D3-8599-038694639F56}
	EndGlobalSection
EndGlobal
